
Microsoft Visual Studio Solution File, Format Version 12.00
# Visual Studio Version 17
VisualStudioVersion = 17.0.31903.59
MinimumVisualStudioVersion = 10.0.40219.1
Project("{FAE04EC0-301F-11D3-BF4B-00C04F79EFBC}") = "LuneDB", "LuneDB.csproj", "{F767371F-2328-488E-A184-77C4F9194D00}"
EndProject
Project("{FAE04EC0-301F-11D3-BF4B-00C04F79EFBC}") = "LuneDB.Tests", "Tests\LuneDB.Tests.csproj", "{CE7E43C8-A25F-4811-BFC6-37C818C9DEDD}"
EndProject
Global
	GlobalSection(SolutionConfigurationPlatforms) = preSolution
		Debug|Any CPU = Debug|Any CPU
		Debug|x64 = Debug|x64
		Debug|x86 = Debug|x86
		Release|Any CPU = Release|Any CPU
		Release|x64 = Release|x64
		Release|x86 = Release|x86
	EndGlobalSection
	GlobalSection(ProjectConfigurationPlatforms) = postSolution
		{F767371F-2328-488E-A184-77C4F9194D00}.Debug|Any CPU.ActiveCfg = Debug|Any CPU
		{F767371F-2328-488E-A184-77C4F9194D00}.Debug|Any CPU.Build.0 = Debug|Any CPU
		{F767371F-2328-488E-A184-77C4F9194D00}.Debug|x64.ActiveCfg = Debug|Any CPU
		{F767371F-2328-488E-A184-77C4F9194D00}.Debug|x64.Build.0 = Debug|Any CPU
		{F767371F-2328-488E-A184-77C4F9194D00}.Debug|x86.ActiveCfg = Debug|Any CPU
		{F767371F-2328-488E-A184-77C4F9194D00}.Debug|x86.Build.0 = Debug|Any CPU
		{F767371F-2328-488E-A184-77C4F9194D00}.Release|Any CPU.ActiveCfg = Release|Any CPU
		{F767371F-2328-488E-A184-77C4F9194D00}.Release|Any CPU.Build.0 = Release|Any CPU
		{F767371F-2328-488E-A184-77C4F9194D00}.Release|x64.ActiveCfg = Release|Any CPU
		{F767371F-2328-488E-A184-77C4F9194D00}.Release|x64.Build.0 = Release|Any CPU
		{F767371F-2328-488E-A184-77C4F9194D00}.Release|x86.ActiveCfg = Release|Any CPU
		{F767371F-2328-488E-A184-77C4F9194D00}.Release|x86.Build.0 = Release|Any CPU
		{CE7E43C8-A25F-4811-BFC6-37C818C9DEDD}.Debug|Any CPU.ActiveCfg = Debug|Any CPU
		{CE7E43C8-A25F-4811-BFC6-37C818C9DEDD}.Debug|Any CPU.Build.0 = Debug|Any CPU
		{CE7E43C8-A25F-4811-BFC6-37C818C9DEDD}.Debug|x64.ActiveCfg = Debug|Any CPU
		{CE7E43C8-A25F-4811-BFC6-37C818C9DEDD}.Debug|x64.Build.0 = Debug|Any CPU
		{CE7E43C8-A25F-4811-BFC6-37C818C9DEDD}.Debug|x86.ActiveCfg = Debug|Any CPU
		{CE7E43C8-A25F-4811-BFC6-37C818C9DEDD}.Debug|x86.Build.0 = Debug|Any CPU
		{CE7E43C8-A25F-4811-BFC6-37C818C9DEDD}.Release|Any CPU.ActiveCfg = Release|Any CPU
		{CE7E43C8-A25F-4811-BFC6-37C818C9DEDD}.Release|Any CPU.Build.0 = Release|Any CPU
		{CE7E43C8-A25F-4811-BFC6-37C818C9DEDD}.Release|x64.ActiveCfg = Release|Any CPU
		{CE7E43C8-A25F-4811-BFC6-37C818C9DEDD}.Release|x64.Build.0 = Release|Any CPU
		{CE7E43C8-A25F-4811-BFC6-37C818C9DEDD}.Release|x86.ActiveCfg = Release|Any CPU
		{CE7E43C8-A25F-4811-BFC6-37C818C9DEDD}.Release|x86.Build.0 = Release|Any CPU
	EndGlobalSection
	GlobalSection(SolutionProperties) = preSolution
		HideSolutionNode = FALSE
	EndGlobalSection
EndGlobal
